PODS:
  - AppAuth (1.4.0):
    - AppAuth/Core (= 1.4.0)
    - AppAuth/ExternalUserAgent (= 1.4.0)
  - AppAuth/Core (1.4.0)
  - AppAuth/ExternalUserAgent (1.4.0)
  - GoogleSignIn (5.0.1):
    - AppAuth (~> 1.2)
    - GTMAppAuth (~> 1.0)
    - GTMSessionFetcher/Core (~> 1.1)
  - GTMAppAuth (1.2.2):
    - AppAuth/Core (~> 1.4)
    - GTMSessionFetcher/Core (~> 1.5)
  - GTMSessionFetcher/Core (1.5.0)
  - IQKeyboardManagerSwift (6.3.0)
  - Swifter (2.5.0)

DEPENDENCIES:
  - GoogleSignIn (= 5.0.1)
  - IQKeyboardManagerSwift (= 6.3.0)
  - Swifter (from `https://github.com/mattdonnelly/Swifter.git`, tag `2.5.0`)

SPEC REPOS:
  trunk:
    - AppAuth
    - GoogleSignIn
    - GTMAppAuth
    - GTMSessionFetcher
    - IQKeyboardManagerSwift

EXTERNAL SOURCES:
  Swifter:
    :git: https://github.com/mattdonnelly/Swifter.git
    :tag: 2.5.0

CHECKOUT OPTIONS:
  Swifter:
    :git: https://github.com/mattdonnelly/Swifter.git
    :tag: 2.5.0

SPEC CHECKSUMS:
  AppAuth: 31bcec809a638d7bd2f86ea8a52bd45f6e81e7c7
  GoogleSignIn: 3a51b9bb8e48b635fd7f4272cee06ca260345b86
  GTMAppAuth: ad5c2b70b9a8689e1a04033c9369c4915bfcbe89
  GTMSessionFetcher: b3503b20a988c4e20cc189aa798fd18220133f52
  IQKeyboardManagerSwift: a8228c257614af98743b4cd8584637025f36358f
  Swifter: 4c2f8cf320c2f751c10128f841d8e9bd8609d988

PODFILE CHECKSUM: 9410eb38f69374eec3eb129c32f1fa2670ed8a18

COCOAPODS: 1.10.1
